
Microsoft Visual Studio Solution File, Format Version 12.00
# Visual Studio Version 17
VisualStudioVersion = 17.1.32319.34
MinimumVisualStudioVersion = 10.0.40219.1
Project("{9A19103F-16F7-4668-BE54-9A1E7A4F7556}") = "WeatherInfoAsPerCity", "WeatherInfoAsPerCity\WeatherInfoAsPerCity.csproj", "{138E3539-6127-48D9-BBAD-DF0E8B692744}"
EndProject
Project("{FAE04EC0-301F-11D3-BF4B-00C04F79EFBC}") = "WeatherInfoAsPerCity.Tests", "WeatherInfoAsPerCity.Tests\WeatherInfoAsPerCity.Tests.csproj", "{44E235E5-E04B-4F51-936F-30AAA7E08D31}"
EndProject
Global
	GlobalSection(SolutionConfigurationPlatforms) = preSolution
		Debug|Any CPU = Debug|Any CPU
		Release|Any CPU = Release|Any CPU
	EndGlobalSection
	GlobalSection(ProjectConfigurationPlatforms) = postSolution
		{138E3539-6127-48D9-BBAD-DF0E8B692744}.Debug|Any CPU.ActiveCfg = Debug|Any CPU
		{138E3539-6127-48D9-BBAD-DF0E8B692744}.Debug|Any CPU.Build.0 = Debug|Any CPU
		{138E3539-6127-48D9-BBAD-DF0E8B692744}.Release|Any CPU.ActiveCfg = Release|Any CPU
		{138E3539-6127-48D9-BBAD-DF0E8B692744}.Release|Any CPU.Build.0 = Release|Any CPU
		{44E235E5-E04B-4F51-936F-30AAA7E08D31}.Debug|Any CPU.ActiveCfg = Debug|Any CPU
		{44E235E5-E04B-4F51-936F-30AAA7E08D31}.Debug|Any CPU.Build.0 = Debug|Any CPU
		{44E235E5-E04B-4F51-936F-30AAA7E08D31}.Release|Any CPU.ActiveCfg = Release|Any CPU
		{44E235E5-E04B-4F51-936F-30AAA7E08D31}.Release|Any CPU.Build.0 = Release|Any CPU
	EndGlobalSection
	GlobalSection(SolutionProperties) = preSolution
		HideSolutionNode = FALSE
	EndGlobalSection
	GlobalSection(ExtensibilityGlobals) = postSolution
		SolutionGuid = {18AD655B-4FDE-4A82-B3FA-EA44E62FEA17}
	EndGlobalSection
EndGlobal
